
Microsoft Visual Studio Solution File, Format Version 12.00
# Visual Studio Version 17
VisualStudioVersion = 17.6.33801.468
MinimumVisualStudioVersion = 10.0.40219.1
Project("{9A19103F-16F7-4668-BE54-9A1E7A4F7556}") = "SidkenuWF", "SidkenuWF\SidkenuWF.csproj", "{EEF4B759-E743-488B-89AB-10F2DF808373}"
EndProject
Project("{2150E333-8FDC-42A3-9474-1A3956D46DE8}") = "1 - Cliente", "1 - Cliente", "{9E405A16-C508-420C-8FD8-3C666A276D2B}"
EndProject
Project("{2150E333-8FDC-42A3-9474-1A3956D46DE8}") = "2 - Aplicacion", "2 - Aplicacion", "{3ED95F85-B571-49C1-A676-9912B7BF1D19}"
EndProject
Project("{2150E333-8FDC-42A3-9474-1A3956D46DE8}") = "3 - Servicio", "3 - Servicio", "{7175209F-7166-4955-81A0-C7DF25C4FC48}"
EndProject
Project("{2150E333-8FDC-42A3-9474-1A3956D46DE8}") = "4 - Dominio", "4 - Dominio", "{D00C4F93-BBBD-4258-A4F2-EC1E6B78BFEB}"
EndProject
Project("{2150E333-8FDC-42A3-9474-1A3956D46DE8}") = "5 - Infraestructura", "5 - Infraestructura", "{7A190438-0D5E-4C41-BB2E-C992E8D2DA3C}"
EndProject
Project("{9A19103F-16F7-4668-BE54-9A1E7A4F7556}") = "Sidkenu.Servicio.DTOs", "Sidkenu.Servicio.DTOs\Sidkenu.Servicio.DTOs.csproj", "{EEA14182-DD71-4888-814C-48FF2FE15AA6}"
EndProject
Project("{9A19103F-16F7-4668-BE54-9A1E7A4F7556}") = "Sidkenu.Servicio.StartupExtension", "Sidkenu.Servicio.StartupExtension\Sidkenu.Servicio.StartupExtension.csproj", "{419B3282-141C-4E2C-AD9A-6E93D5B1EAD0}"
EndProject
Project("{9A19103F-16F7-4668-BE54-9A1E7A4F7556}") = "Sidkenu.Servicio.Implementacion", "Sidkenu.Servicio.Implementacion\Sidkenu.Servicio.Implementacion.csproj", "{E7831F66-ABB2-441E-AC30-F65BF25EDBE3}"
EndProject
Project("{9A19103F-16F7-4668-BE54-9A1E7A4F7556}") = "Sidkenu.Servicio.Interface", "Sidkenu.Servicio.Interface\Sidkenu.Servicio.Interface.csproj", "{80A3F338-39C5-4B36-8469-6C6AB3097910}"
EndProject
Project("{2150E333-8FDC-42A3-9474-1A3956D46DE8}") = "Windows Forms", "Windows Forms", "{B3C58E4C-D932-48D7-8428-A11B97A4F213}"
EndProject
Project("{9A19103F-16F7-4668-BE54-9A1E7A4F7556}") = "Sidkenu.Aplicacion.CadenaConexion", "Sidkenu.Aplicacion.CadenaConexion\Sidkenu.Aplicacion.CadenaConexion.csproj", "{B75638CE-1406-4CF6-AA45-9151BCE27732}"
EndProject
Project("{9A19103F-16F7-4668-BE54-9A1E7A4F7556}") = "Sidkenu.Infraestructura", "Sidkenu.Infraestructura\Sidkenu.Infraestructura.csproj", "{5418CD28-0927-4D44-A571-A1A3B75711DC}"
EndProject
Project("{9A19103F-16F7-4668-BE54-9A1E7A4F7556}") = "Sidkenu.Dominio", "Sidkenu.Dominio\Sidkenu.Dominio.csproj", "{AC26D4A0-C7A2-439C-837A-ECDBC6FE0119}"
EndProject
Project("{9A19103F-16F7-4668-BE54-9A1E7A4F7556}") = "Sidkenu.Dominio.Repositorio", "Sidkenu.Dominio.Repositorio\Sidkenu.Dominio.Repositorio.csproj", "{D1A0EBF4-D9EB-444F-837C-3EE433CA5559}"
EndProject
Project("{9A19103F-16F7-4668-BE54-9A1E7A4F7556}") = "Sidkenu.Dominio.UnidadDeTrabajo", "Sidkenu.Dominio.UnidadDeTrabajo\Sidkenu.Dominio.UnidadDeTrabajo.csproj", "{56A22CD3-3F32-4E85-9FA9-BFCED759D453}"
EndProject
Project("{9A19103F-16F7-4668-BE54-9A1E7A4F7556}") = "Sidkenu.Servicio.Validator", "Sidkenu.Servicio.Validator\Sidkenu.Servicio.Validator.csproj", "{771972F5-4B9B-4FBC-8A32-99F9C4FE39AB}"
EndProject
Project("{9A19103F-16F7-4668-BE54-9A1E7A4F7556}") = "Sidkenu.Aplicacion.Comun", "Sidkenu.Aplicacion.Comun\Sidkenu.Aplicacion.Comun.csproj", "{D5B1956E-D327-4861-8615-CA8040B01999}"
EndProject
Project("{9A19103F-16F7-4668-BE54-9A1E7A4F7556}") = "Sidkenu.Servicio.Mapper", "Sidkenu.Servicio.Mapper\Sidkenu.Servicio.Mapper.csproj", "{9FC4727D-B1E6-4F7A-9772-96AEB6F0F724}"
EndProject
Project("{9A19103F-16F7-4668-BE54-9A1E7A4F7556}") = "Sidkenu.Aplicacion.CorreoElectronico", "Sidkenu.Aplicacion.CorreoElectronico\Sidkenu.Aplicacion.CorreoElectronico.csproj", "{AAFF0DE2-4A4E-4D1D-80DE-E66E635FCFAD}"
EndProject
Project("{9A19103F-16F7-4668-BE54-9A1E7A4F7556}") = "Sidkenu.Aplicacion.Constantes", "Sidkenu.Aplicacion.Constantes\Sidkenu.Aplicacion.Constantes.csproj", "{63D0EE1E-54D1-4D99-A524-F802796FA7B9}"
EndProject
Project("{9A19103F-16F7-4668-BE54-9A1E7A4F7556}") = "Sidkenu.Servicio.StructureMapStartupExtension", "Sidkenu.Servicio.StructureMapStartupExtension\Sidkenu.Servicio.StructureMapStartupExtension.csproj", "{DC7D398F-090A-49BA-97CC-AD61C1B7155C}"
EndProject
Project("{9A19103F-16F7-4668-BE54-9A1E7A4F7556}") = "Sidkenu.Servicio.Startup", "Sidkenu.Servicio.Startup\Sidkenu.Servicio.Startup.csproj", "{67C45726-79E3-47D5-B9F2-EF9BD3168661}"
EndProject
Global
	GlobalSection(SolutionConfigurationPlatforms) = preSolution
		Debug|Any CPU = Debug|Any CPU
		Release|Any CPU = Release|Any CPU
	EndGlobalSection
	GlobalSection(ProjectConfigurationPlatforms) = postSolution
		{EEF4B759-E743-488B-89AB-10F2DF808373}.Debug|Any CPU.ActiveCfg = Debug|Any CPU
		{EEF4B759-E743-488B-89AB-10F2DF808373}.Debug|Any CPU.Build.0 = Debug|Any CPU
		{EEF4B759-E743-488B-89AB-10F2DF808373}.Release|Any CPU.ActiveCfg = Release|Any CPU
		{EEF4B759-E743-488B-89AB-10F2DF808373}.Release|Any CPU.Build.0 = Release|Any CPU
		{EEA14182-DD71-4888-814C-48FF2FE15AA6}.Debug|Any CPU.ActiveCfg = Debug|Any CPU
		{EEA14182-DD71-4888-814C-48FF2FE15AA6}.Debug|Any CPU.Build.0 = Debug|Any CPU
		{EEA14182-DD71-4888-814C-48FF2FE15AA6}.Release|Any CPU.ActiveCfg = Release|Any CPU
		{EEA14182-DD71-4888-814C-48FF2FE15AA6}.Release|Any CPU.Build.0 = Release|Any CPU
		{419B3282-141C-4E2C-AD9A-6E93D5B1EAD0}.Debug|Any CPU.ActiveCfg = Debug|Any CPU
		{419B3282-141C-4E2C-AD9A-6E93D5B1EAD0}.Debug|Any CPU.Build.0 = Debug|Any CPU
		{419B3282-141C-4E2C-AD9A-6E93D5B1EAD0}.Release|Any CPU.ActiveCfg = Release|Any CPU
		{419B3282-141C-4E2C-AD9A-6E93D5B1EAD0}.Release|Any CPU.Build.0 = Release|Any CPU
		{E7831F66-ABB2-441E-AC30-F65BF25EDBE3}.Debug|Any CPU.ActiveCfg = Debug|Any CPU
		{E7831F66-ABB2-441E-AC30-F65BF25EDBE3}.Debug|Any CPU.Build.0 = Debug|Any CPU
		{E7831F66-ABB2-441E-AC30-F65BF25EDBE3}.Release|Any CPU.ActiveCfg = Release|Any CPU
		{E7831F66-ABB2-441E-AC30-F65BF25EDBE3}.Release|Any CPU.Build.0 = Release|Any CPU
		{80A3F338-39C5-4B36-8469-6C6AB3097910}.Debug|Any CPU.ActiveCfg = Debug|Any CPU
		{80A3F338-39C5-4B36-8469-6C6AB3097910}.Debug|Any CPU.Build.0 = Debug|Any CPU
		{80A3F338-39C5-4B36-8469-6C6AB3097910}.Release|Any CPU.ActiveCfg = Release|Any CPU
		{80A3F338-39C5-4B36-8469-6C6AB3097910}.Release|Any CPU.Build.0 = Release|Any CPU
		{B75638CE-1406-4CF6-AA45-9151BCE27732}.Debug|Any CPU.ActiveCfg = Debug|Any CPU
		{B75638CE-1406-4CF6-AA45-9151BCE27732}.Debug|Any CPU.Build.0 = Debug|Any CPU
		{B75638CE-1406-4CF6-AA45-9151BCE27732}.Release|Any CPU.ActiveCfg = Release|Any CPU
		{B75638CE-1406-4CF6-AA45-9151BCE27732}.Release|Any CPU.Build.0 = Release|Any CPU
		{5418CD28-0927-4D44-A571-A1A3B75711DC}.Debug|Any CPU.ActiveCfg = Debug|Any CPU
		{5418CD28-0927-4D44-A571-A1A3B75711DC}.Debug|Any CPU.Build.0 = Debug|Any CPU
		{5418CD28-0927-4D44-A571-A1A3B75711DC}.Release|Any CPU.ActiveCfg = Release|Any CPU
		{5418CD28-0927-4D44-A571-A1A3B75711DC}.Release|Any CPU.Build.0 = Release|Any CPU
		{AC26D4A0-C7A2-439C-837A-ECDBC6FE0119}.Debug|Any CPU.ActiveCfg = Debug|Any CPU
		{AC26D4A0-C7A2-439C-837A-ECDBC6FE0119}.Debug|Any CPU.Build.0 = Debug|Any CPU
		{AC26D4A0-C7A2-439C-837A-ECDBC6FE0119}.Release|Any CPU.ActiveCfg = Release|Any CPU
		{AC26D4A0-C7A2-439C-837A-ECDBC6FE0119}.Release|Any CPU.Build.0 = Release|Any CPU
		{D1A0EBF4-D9EB-444F-837C-3EE433CA5559}.Debug|Any CPU.ActiveCfg = Debug|Any CPU
		{D1A0EBF4-D9EB-444F-837C-3EE433CA5559}.Debug|Any CPU.Build.0 = Debug|Any CPU
		{D1A0EBF4-D9EB-444F-837C-3EE433CA5559}.Release|Any CPU.ActiveCfg = Release|Any CPU
		{D1A0EBF4-D9EB-444F-837C-3EE433CA5559}.Release|Any CPU.Build.0 = Release|Any CPU
		{56A22CD3-3F32-4E85-9FA9-BFCED759D453}.Debug|Any CPU.ActiveCfg = Debug|Any CPU
		{56A22CD3-3F32-4E85-9FA9-BFCED759D453}.Debug|Any CPU.Build.0 = Debug|Any CPU
		{56A22CD3-3F32-4E85-9FA9-BFCED759D453}.Release|Any CPU.ActiveCfg = Release|Any CPU
		{56A22CD3-3F32-4E85-9FA9-BFCED759D453}.Release|Any CPU.Build.0 = Release|Any CPU
		{771972F5-4B9B-4FBC-8A32-99F9C4FE39AB}.Debug|Any CPU.ActiveCfg = Debug|Any CPU
		{771972F5-4B9B-4FBC-8A32-99F9C4FE39AB}.Debug|Any CPU.Build.0 = Debug|Any CPU
		{771972F5-4B9B-4FBC-8A32-99F9C4FE39AB}.Release|Any CPU.ActiveCfg = Release|Any CPU
		{771972F5-4B9B-4FBC-8A32-99F9C4FE39AB}.Release|Any CPU.Build.0 = Release|Any CPU
		{D5B1956E-D327-4861-8615-CA8040B01999}.Debug|Any CPU.ActiveCfg = Debug|Any CPU
		{D5B1956E-D327-4861-8615-CA8040B01999}.Debug|Any CPU.Build.0 = Debug|Any CPU
		{D5B1956E-D327-4861-8615-CA8040B01999}.Release|Any CPU.ActiveCfg = Release|Any CPU
		{D5B1956E-D327-4861-8615-CA8040B01999}.Release|Any CPU.Build.0 = Release|Any CPU
		{9FC4727D-B1E6-4F7A-9772-96AEB6F0F724}.Debug|Any CPU.ActiveCfg = Debug|Any CPU
		{9FC4727D-B1E6-4F7A-9772-96AEB6F0F724}.Debug|Any CPU.Build.0 = Debug|Any CPU
		{9FC4727D-B1E6-4F7A-9772-96AEB6F0F724}.Release|Any CPU.ActiveCfg = Release|Any CPU
		{9FC4727D-B1E6-4F7A-9772-96AEB6F0F724}.Release|Any CPU.Build.0 = Release|Any CPU
		{AAFF0DE2-4A4E-4D1D-80DE-E66E635FCFAD}.Debug|Any CPU.ActiveCfg = Debug|Any CPU
		{AAFF0DE2-4A4E-4D1D-80DE-E66E635FCFAD}.Debug|Any CPU.Build.0 = Debug|Any CPU
		{AAFF0DE2-4A4E-4D1D-80DE-E66E635FCFAD}.Release|Any CPU.ActiveCfg = Release|Any CPU
		{AAFF0DE2-4A4E-4D1D-80DE-E66E635FCFAD}.Release|Any CPU.Build.0 = Release|Any CPU
		{63D0EE1E-54D1-4D99-A524-F802796FA7B9}.Debug|Any CPU.ActiveCfg = Debug|Any CPU
		{63D0EE1E-54D1-4D99-A524-F802796FA7B9}.Debug|Any CPU.Build.0 = Debug|Any CPU
		{63D0EE1E-54D1-4D99-A524-F802796FA7B9}.Release|Any CPU.ActiveCfg = Release|Any CPU
		{63D0EE1E-54D1-4D99-A524-F802796FA7B9}.Release|Any CPU.Build.0 = Release|Any CPU
		{DC7D398F-090A-49BA-97CC-AD61C1B7155C}.Debug|Any CPU.ActiveCfg = Debug|Any CPU
		{DC7D398F-090A-49BA-97CC-AD61C1B7155C}.Debug|Any CPU.Build.0 = Debug|Any CPU
		{DC7D398F-090A-49BA-97CC-AD61C1B7155C}.Release|Any CPU.ActiveCfg = Release|Any CPU
		{DC7D398F-090A-49BA-97CC-AD61C1B7155C}.Release|Any CPU.Build.0 = Release|Any CPU
		{67C45726-79E3-47D5-B9F2-EF9BD3168661}.Debug|Any CPU.ActiveCfg = Debug|Any CPU
		{67C45726-79E3-47D5-B9F2-EF9BD3168661}.Debug|Any CPU.Build.0 = Debug|Any CPU
		{67C45726-79E3-47D5-B9F2-EF9BD3168661}.Release|Any CPU.ActiveCfg = Release|Any CPU
		{67C45726-79E3-47D5-B9F2-EF9BD3168661}.Release|Any CPU.Build.0 = Release|Any CPU
	EndGlobalSection
	GlobalSection(SolutionProperties) = preSolution
		HideSolutionNode = FALSE
	EndGlobalSection
	GlobalSection(NestedProjects) = preSolution
		{EEF4B759-E743-488B-89AB-10F2DF808373} = {B3C58E4C-D932-48D7-8428-A11B97A4F213}
		{EEA14182-DD71-4888-814C-48FF2FE15AA6} = {7175209F-7166-4955-81A0-C7DF25C4FC48}
		{419B3282-141C-4E2C-AD9A-6E93D5B1EAD0} = {7175209F-7166-4955-81A0-C7DF25C4FC48}
		{E7831F66-ABB2-441E-AC30-F65BF25EDBE3} = {7175209F-7166-4955-81A0-C7DF25C4FC48}
		{80A3F338-39C5-4B36-8469-6C6AB3097910} = {7175209F-7166-4955-81A0-C7DF25C4FC48}
		{B3C58E4C-D932-48D7-8428-A11B97A4F213} = {9E405A16-C508-420C-8FD8-3C666A276D2B}
		{B75638CE-1406-4CF6-AA45-9151BCE27732} = {3ED95F85-B571-49C1-A676-9912B7BF1D19}
		{5418CD28-0927-4D44-A571-A1A3B75711DC} = {7A190438-0D5E-4C41-BB2E-C992E8D2DA3C}
		{AC26D4A0-C7A2-439C-837A-ECDBC6FE0119} = {D00C4F93-BBBD-4258-A4F2-EC1E6B78BFEB}
		{D1A0EBF4-D9EB-444F-837C-3EE433CA5559} = {D00C4F93-BBBD-4258-A4F2-EC1E6B78BFEB}
		{56A22CD3-3F32-4E85-9FA9-BFCED759D453} = {D00C4F93-BBBD-4258-A4F2-EC1E6B78BFEB}
		{771972F5-4B9B-4FBC-8A32-99F9C4FE39AB} = {7175209F-7166-4955-81A0-C7DF25C4FC48}
		{D5B1956E-D327-4861-8615-CA8040B01999} = {3ED95F85-B571-49C1-A676-9912B7BF1D19}
		{9FC4727D-B1E6-4F7A-9772-96AEB6F0F724} = {7175209F-7166-4955-81A0-C7DF25C4FC48}
		{AAFF0DE2-4A4E-4D1D-80DE-E66E635FCFAD} = {3ED95F85-B571-49C1-A676-9912B7BF1D19}
		{63D0EE1E-54D1-4D99-A524-F802796FA7B9} = {3ED95F85-B571-49C1-A676-9912B7BF1D19}
		{DC7D398F-090A-49BA-97CC-AD61C1B7155C} = {7175209F-7166-4955-81A0-C7DF25C4FC48}
		{67C45726-79E3-47D5-B9F2-EF9BD3168661} = {7175209F-7166-4955-81A0-C7DF25C4FC48}
	EndGlobalSection
	GlobalSection(ExtensibilityGlobals) = postSolution
		SolutionGuid = {EBC6BAEB-761E-4CF3-A890-1C8095836904}
	EndGlobalSection
EndGlobal
